// !$*UTF8*$!
{
	archiveVersion = 1;
	classes = {
	};
	objectVersion = 50;
	objects = {

/* Begin PBXBuildFile section */
		55688561237F1CC2002505FD /* AppDelegate.m in Sources */ = {isa = PBXBuildFile; fileRef = 55688560237F1CC2002505FD /* AppDelegate.m */; };
		55688564237F1CC2002505FD /* SceneDelegate.m in Sources */ = {isa = PBXBuildFile; fileRef = 55688563237F1CC2002505FD /* SceneDelegate.m */; };
		5568856A237F1CC2002505FD /* Main.storyboard in Resources */ = {isa = PBXBuildFile; fileRef = 55688568237F1CC2002505FD /* Main.storyboard */; };
		5568856C237F1CC4002505FD /* Assets.xcassets in Resources */ = {isa = PBXBuildFile; fileRef = 5568856B237F1CC4002505FD /* Assets.xcassets */; };
		5568856F237F1CC4002505FD /* LaunchScreen.storyboard in Resources */ = {isa = PBXBuildFile; fileRef = 5568856D237F1CC4002505FD /* LaunchScreen.storyboard */; };
		55688572237F1CC4002505FD /* main.m in Sources */ = {isa = PBXBuildFile; fileRef = 55688571237F1CC4002505FD /* main.m */; };
		55688580237F2289002505FD /* DVMCard.m in Sources */ = {isa = PBXBuildFile; fileRef = 5568857F237F2289002505FD /* DVMCard.m */; };
		55688583237F2477002505FD /* DVMCardController.m in Sources */ = {isa = PBXBuildFile; fileRef = 55688582237F2477002505FD /* DVMCardController.m */; };
		55F9166D238316ED004D7773 /* DVMCardViewController.swift in Sources */ = {isa = PBXBuildFile; fileRef = 55F9166C238316ED004D7773 /* DVMCardViewController.swift */; };
/* End PBXBuildFile section */

/* Begin PBXFileReference section */
		5568855C237F1CC2002505FD /* DeckOfCardsObjectiveC.app */ = {isa = PBXFileReference; explicitFileType = wrapper.application; includeInIndex = 0; path = DeckOfCardsObjectiveC.app; sourceTree = BUILT_PRODUCTS_DIR; };
		5568855F237F1CC2002505FD /* AppDelegate.h */ = {isa = PBXFileReference; lastKnownFileType = sourcecode.c.h; path = AppDelegate.h; sourceTree = "<group>"; };
		55688560237F1CC2002505FD /* AppDelegate.m */ = {isa = PBXFileReference; lastKnownFileType = sourcecode.c.objc; path = AppDelegate.m; sourceTree = "<group>"; };
		55688562237F1CC2002505FD /* SceneDelegate.h */ = {isa = PBXFileReference; lastKnownFileType = sourcecode.c.h; path = SceneDelegate.h; sourceTree = "<group>"; };
		55688563237F1CC2002505FD /* SceneDelegate.m */ = {isa = PBXFileReference; lastKnownFileType = sourcecode.c.objc; path = SceneDelegate.m; sourceTree = "<group>"; };
		55688569237F1CC2002505FD /* Base */ = {isa = PBXFileReference; lastKnownFileType = file.storyboard; name = Base; path = Base.lproj/Main.storyboard; sourceTree = "<group>"; };
		5568856B237F1CC4002505FD /* Assets.xcassets */ = {isa = PBXFileReference; lastKnownFileType = folder.assetcatalog; path = Assets.xcassets; sourceTree = "<group>"; };
		5568856E237F1CC4002505FD /* Base */ = {isa = PBXFileReference; lastKnownFileType = file.storyboard; name = Base; path = Base.lproj/LaunchScreen.storyboard; sourceTree = "<group>"; };
		55688570237F1CC4002505FD /* Info.plist */ = {isa = PBXFileReference; lastKnownFileType = text.plist.xml; path = Info.plist; sourceTree = "<group>"; };
		55688571237F1CC4002505FD /* main.m */ = {isa = PBXFileReference; lastKnownFileType = sourcecode.c.objc; path = main.m; sourceTree = "<group>"; };
		5568857E237F2289002505FD /* DVMCard.h */ = {isa = PBXFileReference; lastKnownFileType = sourcecode.c.h; path = DVMCard.h; sourceTree = "<group>"; };
		5568857F237F2289002505FD /* DVMCard.m */ = {isa = PBXFileReference; lastKnownFileType = sourcecode.c.objc; path = DVMCard.m; sourceTree = "<group>"; };
		55688581237F2477002505FD /* DVMCardController.h */ = {isa = PBXFileReference; lastKnownFileType = sourcecode.c.h; path = DVMCardController.h; sourceTree = "<group>"; };
		55688582237F2477002505FD /* DVMCardController.m */ = {isa = PBXFileReference; lastKnownFileType = sourcecode.c.objc; path = DVMCardController.m; sourceTree = "<group>"; };
		55F9166B238316ED004D7773 /* DeckOfCardsObjectiveC-Bridging-Header.h */ = {isa = PBXFileReference; lastKnownFileType = sourcecode.c.h; path = "DeckOfCardsObjectiveC-Bridging-Header.h"; sourceTree = "<group>"; };
		55F9166C238316ED004D7773 /* DVMCardViewController.swift */ = {isa = PBXFileReference; lastKnownFileType = sourcecode.swift; path = DVMCardViewController.swift; sourceTree = "<group>"; };
/* End PBXFileReference section */

/* Begin PBXFrameworksBuildPhase section */
		55688559237F1CC2002505FD /* Frameworks */ = {
			isa = PBXFrameworksBuildPhase;
			buildActionMask = 2147483647;
			files = (
			);
			runOnlyForDeploymentPostprocessing = 0;
		};
/* End PBXFrameworksBuildPhase section */

/* Begin PBXGroup section */
		55688553237F1CC2002505FD = {
			isa = PBXGroup;
			children = (
				5568855E237F1CC2002505FD /* DeckOfCardsObjectiveC */,
				5568855D237F1CC2002505FD /* Products */,
			);
			sourceTree = "<group>";
		};
		5568855D237F1CC2002505FD /* Products */ = {
			isa = PBXGroup;
			children = (
				5568855C237F1CC2002505FD /* DeckOfCardsObjectiveC.app */,
			);
			name = Products;
			sourceTree = "<group>";
		};
		5568855E237F1CC2002505FD /* DeckOfCardsObjectiveC */ = {
			isa = PBXGroup;
			children = (
				55688579237F21D5002505FD /* Models */,
				5568857A237F21F6002505FD /* Model Controllers */,
				5568857B237F2201002505FD /* View Controllers */,
				5568857C237F221F002505FD /* Views */,
				55688578237F1D34002505FD /* Resources */,
			);
			path = DeckOfCardsObjectiveC;
			sourceTree = "<group>";
		};
		55688578237F1D34002505FD /* Resources */ = {
			isa = PBXGroup;
			children = (
				5568855F237F1CC2002505FD /* AppDelegate.h */,
				55688560237F1CC2002505FD /* AppDelegate.m */,
				55688562237F1CC2002505FD /* SceneDelegate.h */,
				55688563237F1CC2002505FD /* SceneDelegate.m */,
				5568856B237F1CC4002505FD /* Assets.xcassets */,
				5568856D237F1CC4002505FD /* LaunchScreen.storyboard */,
				55688570237F1CC4002505FD /* Info.plist */,
				55688571237F1CC4002505FD /* main.m */,
			);
			path = Resources;
			sourceTree = "<group>";
		};
		55688579237F21D5002505FD /* Models */ = {
			isa = PBXGroup;
			children = (
				5568857E237F2289002505FD /* DVMCard.h */,
				5568857F237F2289002505FD /* DVMCard.m */,
			);
			path = Models;
			sourceTree = "<group>";
		};
		5568857A237F21F6002505FD /* Model Controllers */ = {
			isa = PBXGroup;
			children = (
				55688581237F2477002505FD /* DVMCardController.h */,
				55688582237F2477002505FD /* DVMCardController.m */,
			);
			path = "Model Controllers";
			sourceTree = "<group>";
		};
		5568857B237F2201002505FD /* View Controllers */ = {
			isa = PBXGroup;
			children = (
				55F9166C238316ED004D7773 /* DVMCardViewController.swift */,
				55F9166B238316ED004D7773 /* DeckOfCardsObjectiveC-Bridging-Header.h */,
			);
			path = "View Controllers";
			sourceTree = "<group>";
		};
		5568857C237F221F002505FD /* Views */ = {
			isa = PBXGroup;
			children = (
				55688568237F1CC2002505FD /* Main.storyboard */,
			);
			path = Views;
			sourceTree = "<group>";
		};
/* End PBXGroup section */

/* Begin PBXNativeTarget section */
		5568855B237F1CC2002505FD /* DeckOfCardsObjectiveC */ = {
			isa = PBXNativeTarget;
			buildConfigurationList = 55688575237F1CC4002505FD /* Build configuration list for PBXNativeTarget "DeckOfCardsObjectiveC" */;
			buildPhases = (
				55688558237F1CC2002505FD /* Sources */,
				55688559237F1CC2002505FD /* Frameworks */,
				5568855A237F1CC2002505FD /* Resources */,
			);
			buildRules = (
			);
			dependencies = (
			);
			name = DeckOfCardsObjectiveC;
			productName = DeckOfCardsObjectiveC;
			productReference = 5568855C237F1CC2002505FD /* DeckOfCardsObjectiveC.app */;
			productType = "com.apple.product-type.application";
		};
/* End PBXNativeTarget section */

/* Begin PBXProject section */
		55688554237F1CC2002505FD /* Project object */ = {
			isa = PBXProject;
			attributes = {
				CLASSPREFIX = DVM;
				LastUpgradeCheck = 1120;
				ORGANIZATIONNAME = "Marcus Armstrong";
				TargetAttributes = {
					5568855B237F1CC2002505FD = {
						CreatedOnToolsVersion = 11.2.1;
						LastSwiftMigration = 1120;
					};
				};
			};
			buildConfigurationList = 55688557237F1CC2002505FD /* Build configuration list for PBXProject "DeckOfCardsObjectiveC" */;
			compatibilityVersion = "Xcode 9.3";
			developmentRegion = en;
			hasScannedForEncodings = 0;
			knownRegions = (
				en,
				Base,
			);
			mainGroup = 55688553237F1CC2002505FD;
			productRefGroup = 5568855D237F1CC2002505FD /* Products */;
			projectDirPath = "";
			projectRoot = "";
			targets = (
				5568855B237F1CC2002505FD /* DeckOfCardsObjectiveC */,
			);
		};
/* End PBXProject section */

/* Begin PBXResourcesBuildPhase section */
		5568855A237F1CC2002505FD /* Resources */ = {
			isa = PBXResourcesBuildPhase;
			buildActionMask = 2147483647;
			files = (
				5568856F237F1CC4002505FD /* LaunchScreen.storyboard in Resources */,
				5568856C237F1CC4002505FD /* Assets.xcassets in Resources */,
				5568856A237F1CC2002505FD /* Main.storyboard in Resources */,
			);
			runOnlyForDeploymentPostprocessing = 0;
		};
/* End PBXResourcesBuildPhase section */

/* Begin PBXSourcesBuildPhase section */
		55688558237F1CC2002505FD /* Sources */ = {
			isa = PBXSourcesBuildPhase;
			buildActionMask = 2147483647;
			files = (
				55688561237F1CC2002505FD /* AppDelegate.m in Sources */,
				55688583237F2477002505FD /* DVMCardController.m in Sources */,
				55F9166D238316ED004D7773 /* DVMCardViewController.swift in Sources */,
				55688580237F2289002505FD /* DVMCard.m in Sources */,
				55688572237F1CC4002505FD /* main.m in Sources */,
				55688564237F1CC2002505FD /* SceneDelegate.m in Sources */,
			);
			runOnlyForDeploymentPostprocessing = 0;
		};
/* End PBXSourcesBuildPhase section */

/* Begin PBXVariantGroup section */
		55688568237F1CC2002505FD /* Main.storyboard */ = {
			isa = PBXVariantGroup;
			children = (
				55688569237F1CC2002505FD /* Base */,
			);
			name = Main.storyboard;
			sourceTree = "<group>";
		};
		5568856D237F1CC4002505FD /* LaunchScreen.storyboard */ = {
			isa = PBXVariantGroup;
			children = (
				5568856E237F1CC4002505FD /* Base */,
			);
			name = LaunchScreen.storyboard;
			sourceTree = "<group>";
		};
/* End PBXVariantGroup section */

/* Begin XCBuildConfiguration section */
		55688573237F1CC4002505FD /* Debug */ = {
			isa = XCBuildConfiguration;
			buildSettings = {
				ALWAYS_SEARCH_USER_PATHS = NO;
				CLANG_ANALYZER_NONNULL = YES;
				CLANG_ANALYZER_NUMBER_OBJECT_CONVERSION = YES_AGGRESSIVE;
				CLANG_CXX_LANGUAGE_STANDARD = "gnu++14";
				CLANG_CXX_LIBRARY = "libc++";
				CLANG_ENABLE_MODULES = YES;
				CLANG_ENABLE_OBJC_ARC = YES;
				CLANG_ENABLE_OBJC_WEAK = YES;
				CLANG_WARN_BLOCK_CAPTURE_AUTORELEASING = YES;
				CLANG_WARN_BOOL_CONVERSION = YES;
				CLANG_WARN_COMMA = YES;
				CLANG_WARN_CONSTANT_CONVERSION = YES;
				CLANG_WARN_DEPRECATED_OBJC_IMPLEMENTATIONS = YES;
				CLANG_WARN_DIRECT_OBJC_ISA_USAGE = YES_ERROR;
				CLANG_WARN_DOCUMENTATION_COMMENTS = YES;
				CLANG_WARN_EMPTY_BODY = YES;
				CLANG_WARN_ENUM_CONVERSION = YES;
				CLANG_WARN_INFINITE_RECURSION = YES;
				CLANG_WARN_INT_CONVERSION = YES;
				CLANG_WARN_NON_LITERAL_NULL_CONVERSION = YES;
				CLANG_WARN_OBJC_IMPLICIT_RETAIN_SELF = YES;
				CLANG_WARN_OBJC_LITERAL_CONVERSION = YES;
				CLANG_WARN_OBJC_ROOT_CLASS = YES_ERROR;
				CLANG_WARN_RANGE_LOOP_ANALYSIS = YES;
				CLANG_WARN_STRICT_PROTOTYPES = YES;
				CLANG_WARN_SUSPICIOUS_MOVE = YES;
				CLANG_WARN_UNGUARDED_AVAILABILITY = YES_AGGRESSIVE;
				CLANG_WARN_UNREACHABLE_CODE = YES;
				CLANG_WARN__DUPLICATE_METHOD_MATCH = YES;
				COPY_PHASE_STRIP = NO;
				DEBUG_INFORMATION_FORMAT = dwarf;
				ENABLE_STRICT_OBJC_MSGSEND = YES;
				ENABLE_TESTABILITY = YES;
				GCC_C_LANGUAGE_STANDARD = gnu11;
				GCC_DYNAMIC_NO_PIC = NO;
				GCC_NO_COMMON_BLOCKS = YES;
				GCC_OPTIMIZATION_LEVEL = 0;
				GCC_PREPROCESSOR_DEFINITIONS = (
					"DEBUG=1",
					"$(inherited)",
				);
				GCC_WARN_64_TO_32_BIT_CONVERSION = YES;
				GCC_WARN_ABOUT_RETURN_TYPE = YES_ERROR;
				GCC_WARN_UNDECLARED_SELECTOR = YES;
				GCC_WARN_UNINITIALIZED_AUTOS = YES_AGGRESSIVE;
				GCC_WARN_UNUSED_FUNCTION = YES;
				GCC_WARN_UNUSED_VARIABLE = YES;
				IPHONEOS_DEPLOYMENT_TARGET = 13.2;
				MTL_ENABLE_DEBUG_INFO = INCLUDE_SOURCE;
				MTL_FAST_MATH = YES;
				ONLY_ACTIVE_ARCH = YES;
				SDKROOT = iphoneos;
			};
			name = Debug;
		};
		55688574237F1CC4002505FD /* Release */ = {
			isa = XCBuildConfiguration;
			buildSettings = {
				ALWAYS_SEARCH_USER_PATHS = NO;
				CLANG_ANALYZER_NONNULL = YES;
				CLANG_ANALYZER_NUMBER_OBJECT_CONVERSION = YES_AGGRESSIVE;
				CLANG_CXX_LANGUAGE_STANDARD = "gnu++14";
				CLANG_CXX_LIBRARY = "libc++";
				CLANG_ENABLE_MODULES = YES;
				CLANG_ENABLE_OBJC_ARC = YES;
				CLANG_ENABLE_OBJC_WEAK = YES;
				CLANG_WARN_BLOCK_CAPTURE_AUTORELEASING = YES;
				CLANG_WARN_BOOL_CONVERSION = YES;
				CLANG_WARN_COMMA = YES;
				CLANG_WARN_CONSTANT_CONVERSION = YES;
				CLANG_WARN_DEPRECATED_OBJC_IMPLEMENTATIONS = YES;
				CLANG_WARN_DIRECT_OBJC_ISA_USAGE = YES_ERROR;
				CLANG_WARN_DOCUMENTATION_COMMENTS = YES;
				CLANG_WARN_EMPTY_BODY = YES;
				CLANG_WARN_ENUM_CONVERSION = YES;
				CLANG_WARN_INFINITE_RECURSION = YES;
				CLANG_WARN_INT_CONVERSION = YES;
				CLANG_WARN_NON_LITERAL_NULL_CONVERSION = YES;
				CLANG_WARN_OBJC_IMPLICIT_RETAIN_SELF = YES;
				CLANG_WARN_OBJC_LITERAL_CONVERSION = YES;
				CLANG_WARN_OBJC_ROOT_CLASS = YES_ERROR;
				CLANG_WARN_RANGE_LOOP_ANALYSIS = YES;
				CLANG_WARN_STRICT_PROTOTYPES = YES;
				CLANG_WARN_SUSPICIOUS_MOVE = YES;
				CLANG_WARN_UNGUARDED_AVAILABILITY = YES_AGGRESSIVE;
				CLANG_WARN_UNREACHABLE_CODE = YES;
				CLANG_WARN__DUPLICATE_METHOD_MATCH = YES;
				COPY_PHASE_STRIP = NO;
				DEBUG_INFORMATION_FORMAT = "dwarf-with-dsym";
				ENABLE_NS_ASSERTIONS = NO;
				ENABLE_STRICT_OBJC_MSGSEND = YES;
				GCC_C_LANGUAGE_STANDARD = gnu11;
				GCC_NO_COMMON_BLOCKS = YES;
				GCC_WARN_64_TO_32_BIT_CONVERSION = YES;
				GCC_WARN_ABOUT_RETURN_TYPE = YES_ERROR;
				GCC_WARN_UNDECLARED_SELECTOR = YES;
				GCC_WARN_UNINITIALIZED_AUTOS = YES_AGGRESSIVE;
				GCC_WARN_UNUSED_FUNCTION = YES;
				GCC_WARN_UNUSED_VARIABLE = YES;
				IPHONEOS_DEPLOYMENT_TARGET = 13.2;
				MTL_ENABLE_DEBUG_INFO = NO;
				MTL_FAST_MATH = YES;
				SDKROOT = iphoneos;
				VALIDATE_PRODUCT = YES;
			};
			name = Release;
		};
		55688576237F1CC4002505FD /* Debug */ = {
			isa = XCBuildConfiguration;
			buildSettings = {
				ASSETCATALOG_COMPILER_APPICON_NAME = AppIcon;
				CLANG_ENABLE_MODULES = YES;
				CODE_SIGN_STYLE = Automatic;
				DEVELOPMENT_TEAM = QP48FW2MG5;
				INFOPLIST_FILE = "$(SRCROOT)/DeckOfCardsObjectiveC/Resources/Info.plist";
				LD_RUNPATH_SEARCH_PATHS = (
					"$(inherited)",
					"@executable_path/Frameworks",
				);
				PRODUCT_BUNDLE_IDENTIFIER = dma.DeckOfCardsObjectiveC;
				PRODUCT_NAME = "$(TARGET_NAME)";
				SWIFT_OBJC_BRIDGING_HEADER = "DeckOfCardsObjectiveC/View Controllers/DeckOfCardsObjectiveC-Bridging-Header.h";
				SWIFT_OPTIMIZATION_LEVEL = "-Onone";
				SWIFT_VERSION = 5.0;
				TARGETED_DEVICE_FAMILY = "1,2";
			};
			name = Debug;
		};
		55688577237F1CC4002505FD /* Release */ = {
			isa = XCBuildConfiguration;
			buildSettings = {
				ASSETCATALOG_COMPILER_APPICON_NAME = AppIcon;
				CLANG_ENABLE_MODULES = YES;
				CODE_SIGN_STYLE = Automatic;
				DEVELOPMENT_TEAM = QP48FW2MG5;
				INFOPLIST_FILE = "$(SRCROOT)/DeckOfCardsObjectiveC/Resources/Info.plist";
				LD_RUNPATH_SEARCH_PATHS = (
					"$(inherited)",
					"@executable_path/Frameworks",
				);
				PRODUCT_BUNDLE_IDENTIFIER = dma.DeckOfCardsObjectiveC;
				PRODUCT_NAME = "$(TARGET_NAME)";
				SWIFT_OBJC_BRIDGING_HEADER = "DeckOfCardsObjectiveC/View Controllers/DeckOfCardsObjectiveC-Bridging-Header.h";
				SWIFT_VERSION = 5.0;
				TARGETED_DEVICE_FAMILY = "1,2";
			};
			name = Release;
		};
/* End XCBuildConfiguration section */

/* Begin XCConfigurationList section */
		55688557237F1CC2002505FD /* Build configuration list for PBXProject "DeckOfCardsObjectiveC" */ = {
			isa = XCConfigurationList;
			buildConfigurations = (
				55688573237F1CC4002505FD /* Debug */,
				55688574237F1CC4002505FD /* Release */,
			);
			defaultConfigurationIsVisible = 0;
			defaultConfigurationName = Release;
		};
		55688575237F1CC4002505FD /* Build configuration list for PBXNativeTarget "DeckOfCardsObjectiveC" */ = {
			isa = XCConfigurationList;
			buildConfigurations = (
				55688576237F1CC4002505FD /* Debug */,
				55688577237F1CC4002505FD /* Release */,
			);
			defaultConfigurationIsVisible = 0;
			defaultConfigurationName = Release;
		};
/* End XCConfigurationList section */
	};
	rootObject = 55688554237F1CC2002505FD /* Project object */;
}
