// !$*UTF8*$!
{
	archiveVersion = 1;
	classes = {
	};
	objectVersion = 50;
	objects = {

/* Begin PBXBuildFile section */
		AC970920242A9FDF00A5D1C2 /* AppDelegate.m in Sources */ = {isa = PBXBuildFile; fileRef = AC97091F242A9FDF00A5D1C2 /* AppDelegate.m */; };
		AC970923242A9FDF00A5D1C2 /* SceneDelegate.m in Sources */ = {isa = PBXBuildFile; fileRef = AC970922242A9FDF00A5D1C2 /* SceneDelegate.m */; };
		AC970926242A9FDF00A5D1C2 /* ViewController.m in Sources */ = {isa = PBXBuildFile; fileRef = AC970925242A9FDF00A5D1C2 /* ViewController.m */; };
		AC970929242A9FDF00A5D1C2 /* Main.storyboard in Resources */ = {isa = PBXBuildFile; fileRef = AC970927242A9FDF00A5D1C2 /* Main.storyboard */; };
		AC97092B242A9FE000A5D1C2 /* Assets.xcassets in Resources */ = {isa = PBXBuildFile; fileRef = AC97092A242A9FE000A5D1C2 /* Assets.xcassets */; };
		AC97092E242A9FE000A5D1C2 /* LaunchScreen.storyboard in Resources */ = {isa = PBXBuildFile; fileRef = AC97092C242A9FE000A5D1C2 /* LaunchScreen.storyboard */; };
		AC970931242A9FE000A5D1C2 /* main.m in Sources */ = {isa = PBXBuildFile; fileRef = AC970930242A9FE000A5D1C2 /* main.m */; };
		AC97093B242AA3DF00A5D1C2 /* TTVCard.m in Sources */ = {isa = PBXBuildFile; fileRef = AC97093A242AA3DF00A5D1C2 /* TTVCard.m */; };
/* End PBXBuildFile section */

/* Begin PBXFileReference section */
		AC97091B242A9FDF00A5D1C2 /* DeckOfOneCard-C.app */ = {isa = PBXFileReference; explicitFileType = wrapper.application; includeInIndex = 0; path = "DeckOfOneCard-C.app"; sourceTree = BUILT_PRODUCTS_DIR; };
		AC97091E242A9FDF00A5D1C2 /* AppDelegate.h */ = {isa = PBXFileReference; lastKnownFileType = sourcecode.c.h; path = AppDelegate.h; sourceTree = "<group>"; };
		AC97091F242A9FDF00A5D1C2 /* AppDelegate.m */ = {isa = PBXFileReference; lastKnownFileType = sourcecode.c.objc; path = AppDelegate.m; sourceTree = "<group>"; };
		AC970921242A9FDF00A5D1C2 /* SceneDelegate.h */ = {isa = PBXFileReference; lastKnownFileType = sourcecode.c.h; path = SceneDelegate.h; sourceTree = "<group>"; };
		AC970922242A9FDF00A5D1C2 /* SceneDelegate.m */ = {isa = PBXFileReference; lastKnownFileType = sourcecode.c.objc; path = SceneDelegate.m; sourceTree = "<group>"; };
		AC970924242A9FDF00A5D1C2 /* ViewController.h */ = {isa = PBXFileReference; lastKnownFileType = sourcecode.c.h; path = ViewController.h; sourceTree = "<group>"; };
		AC970925242A9FDF00A5D1C2 /* ViewController.m */ = {isa = PBXFileReference; lastKnownFileType = sourcecode.c.objc; path = ViewController.m; sourceTree = "<group>"; };
		AC970928242A9FDF00A5D1C2 /* Base */ = {isa = PBXFileReference; lastKnownFileType = file.storyboard; name = Base; path = Base.lproj/Main.storyboard; sourceTree = "<group>"; };
		AC97092A242A9FE000A5D1C2 /* Assets.xcassets */ = {isa = PBXFileReference; lastKnownFileType = folder.assetcatalog; path = Assets.xcassets; sourceTree = "<group>"; };
		AC97092D242A9FE000A5D1C2 /* Base */ = {isa = PBXFileReference; lastKnownFileType = file.storyboard; name = Base; path = Base.lproj/LaunchScreen.storyboard; sourceTree = "<group>"; };
		AC97092F242A9FE000A5D1C2 /* Info.plist */ = {isa = PBXFileReference; lastKnownFileType = text.plist.xml; path = Info.plist; sourceTree = "<group>"; };
		AC970930242A9FE000A5D1C2 /* main.m */ = {isa = PBXFileReference; lastKnownFileType = sourcecode.c.objc; path = main.m; sourceTree = "<group>"; };
		AC970939242AA3DF00A5D1C2 /* TTVCard.h */ = {isa = PBXFileReference; lastKnownFileType = sourcecode.c.h; path = TTVCard.h; sourceTree = "<group>"; };
		AC97093A242AA3DF00A5D1C2 /* TTVCard.m */ = {isa = PBXFileReference; lastKnownFileType = sourcecode.c.objc; path = TTVCard.m; sourceTree = "<group>"; };
/* End PBXFileReference section */

/* Begin PBXFrameworksBuildPhase section */
		AC970918242A9FDF00A5D1C2 /* Frameworks */ = {
			isa = PBXFrameworksBuildPhase;
			buildActionMask = 2147483647;
			files = (
			);
			runOnlyForDeploymentPostprocessing = 0;
		};
/* End PBXFrameworksBuildPhase section */

/* Begin PBXGroup section */
		AC970912242A9FDF00A5D1C2 = {
			isa = PBXGroup;
			children = (
				AC97091D242A9FDF00A5D1C2 /* DeckOfOneCard-C */,
				AC97091C242A9FDF00A5D1C2 /* Products */,
			);
			sourceTree = "<group>";
		};
		AC97091C242A9FDF00A5D1C2 /* Products */ = {
			isa = PBXGroup;
			children = (
				AC97091B242A9FDF00A5D1C2 /* DeckOfOneCard-C.app */,
			);
			name = Products;
			sourceTree = "<group>";
		};
		AC97091D242A9FDF00A5D1C2 /* DeckOfOneCard-C */ = {
			isa = PBXGroup;
			children = (
				AC970938242AA0CF00A5D1C2 /* Models */,
				AC970924242A9FDF00A5D1C2 /* ViewController.h */,
				AC970925242A9FDF00A5D1C2 /* ViewController.m */,
				AC970927242A9FDF00A5D1C2 /* Main.storyboard */,
				AC970937242A9FF400A5D1C2 /* Resources */,
			);
			path = "DeckOfOneCard-C";
			sourceTree = "<group>";
		};
		AC970937242A9FF400A5D1C2 /* Resources */ = {
			isa = PBXGroup;
			children = (
				AC97091E242A9FDF00A5D1C2 /* AppDelegate.h */,
				AC97091F242A9FDF00A5D1C2 /* AppDelegate.m */,
				AC970921242A9FDF00A5D1C2 /* SceneDelegate.h */,
				AC970922242A9FDF00A5D1C2 /* SceneDelegate.m */,
				AC97092A242A9FE000A5D1C2 /* Assets.xcassets */,
				AC97092C242A9FE000A5D1C2 /* LaunchScreen.storyboard */,
				AC97092F242A9FE000A5D1C2 /* Info.plist */,
				AC970930242A9FE000A5D1C2 /* main.m */,
			);
			path = Resources;
			sourceTree = "<group>";
		};
		AC970938242AA0CF00A5D1C2 /* Models */ = {
			isa = PBXGroup;
			children = (
				AC970939242AA3DF00A5D1C2 /* TTVCard.h */,
				AC97093A242AA3DF00A5D1C2 /* TTVCard.m */,
			);
			path = Models;
			sourceTree = "<group>";
		};
/* End PBXGroup section */

/* Begin PBXNativeTarget section */
		AC97091A242A9FDF00A5D1C2 /* DeckOfOneCard-C */ = {
			isa = PBXNativeTarget;
			buildConfigurationList = AC970934242A9FE000A5D1C2 /* Build configuration list for PBXNativeTarget "DeckOfOneCard-C" */;
			buildPhases = (
				AC970917242A9FDF00A5D1C2 /* Sources */,
				AC970918242A9FDF00A5D1C2 /* Frameworks */,
				AC970919242A9FDF00A5D1C2 /* Resources */,
			);
			buildRules = (
			);
			dependencies = (
			);
			name = "DeckOfOneCard-C";
			productName = "DeckOfOneCard-C";
			productReference = AC97091B242A9FDF00A5D1C2 /* DeckOfOneCard-C.app */;
			productType = "com.apple.product-type.application";
		};
/* End PBXNativeTarget section */

/* Begin PBXProject section */
		AC970913242A9FDF00A5D1C2 /* Project object */ = {
			isa = PBXProject;
			attributes = {
				CLASSPREFIX = TTV;
				LastUpgradeCheck = 1130;
				ORGANIZATIONNAME = "Theo Vora";
				TargetAttributes = {
					AC97091A242A9FDF00A5D1C2 = {
						CreatedOnToolsVersion = 11.3.1;
					};
				};
			};
			buildConfigurationList = AC970916242A9FDF00A5D1C2 /* Build configuration list for PBXProject "DeckOfOneCard-C" */;
			compatibilityVersion = "Xcode 9.3";
			developmentRegion = en;
			hasScannedForEncodings = 0;
			knownRegions = (
				en,
				Base,
			);
			mainGroup = AC970912242A9FDF00A5D1C2;
			productRefGroup = AC97091C242A9FDF00A5D1C2 /* Products */;
			projectDirPath = "";
			projectRoot = "";
			targets = (
				AC97091A242A9FDF00A5D1C2 /* DeckOfOneCard-C */,
			);
		};
/* End PBXProject section */

/* Begin PBXResourcesBuildPhase section */
		AC970919242A9FDF00A5D1C2 /* Resources */ = {
			isa = PBXResourcesBuildPhase;
			buildActionMask = 2147483647;
			files = (
				AC97092E242A9FE000A5D1C2 /* LaunchScreen.storyboard in Resources */,
				AC97092B242A9FE000A5D1C2 /* Assets.xcassets in Resources */,
				AC970929242A9FDF00A5D1C2 /* Main.storyboard in Resources */,
			);
			runOnlyForDeploymentPostprocessing = 0;
		};
/* End PBXResourcesBuildPhase section */

/* Begin PBXSourcesBuildPhase section */
		AC970917242A9FDF00A5D1C2 /* Sources */ = {
			isa = PBXSourcesBuildPhase;
			buildActionMask = 2147483647;
			files = (
				AC970926242A9FDF00A5D1C2 /* ViewController.m in Sources */,
				AC970920242A9FDF00A5D1C2 /* AppDelegate.m in Sources */,
				AC97093B242AA3DF00A5D1C2 /* TTVCard.m in Sources */,
				AC970931242A9FE000A5D1C2 /* main.m in Sources */,
				AC970923242A9FDF00A5D1C2 /* SceneDelegate.m in Sources */,
			);
			runOnlyForDeploymentPostprocessing = 0;
		};
/* End PBXSourcesBuildPhase section */

/* Begin PBXVariantGroup section */
		AC970927242A9FDF00A5D1C2 /* Main.storyboard */ = {
			isa = PBXVariantGroup;
			children = (
				AC970928242A9FDF00A5D1C2 /* Base */,
			);
			name = Main.storyboard;
			sourceTree = "<group>";
		};
		AC97092C242A9FE000A5D1C2 /* LaunchScreen.storyboard */ = {
			isa = PBXVariantGroup;
			children = (
				AC97092D242A9FE000A5D1C2 /* Base */,
			);
			name = LaunchScreen.storyboard;
			sourceTree = "<group>";
		};
/* End PBXVariantGroup section */

/* Begin XCBuildConfiguration section */
		AC970932242A9FE000A5D1C2 /* Debug */ = {
			isa = XCBuildConfiguration;
			buildSettings = {
				ALWAYS_SEARCH_USER_PATHS = NO;
				CLANG_ANALYZER_NONNULL = YES;
				CLANG_ANALYZER_NUMBER_OBJECT_CONVERSION = YES_AGGRESSIVE;
				CLANG_CXX_LANGUAGE_STANDARD = "gnu++14";
				CLANG_CXX_LIBRARY = "libc++";
				CLANG_ENABLE_MODULES = YES;
				CLANG_ENABLE_OBJC_ARC = YES;
				CLANG_ENABLE_OBJC_WEAK = YES;
				CLANG_WARN_BLOCK_CAPTURE_AUTORELEASING = YES;
				CLANG_WARN_BOOL_CONVERSION = YES;
				CLANG_WARN_COMMA = YES;
				CLANG_WARN_CONSTANT_CONVERSION = YES;
				CLANG_WARN_DEPRECATED_OBJC_IMPLEMENTATIONS = YES;
				CLANG_WARN_DIRECT_OBJC_ISA_USAGE = YES_ERROR;
				CLANG_WARN_DOCUMENTATION_COMMENTS = YES;
				CLANG_WARN_EMPTY_BODY = YES;
				CLANG_WARN_ENUM_CONVERSION = YES;
				CLANG_WARN_INFINITE_RECURSION = YES;
				CLANG_WARN_INT_CONVERSION = YES;
				CLANG_WARN_NON_LITERAL_NULL_CONVERSION = YES;
				CLANG_WARN_OBJC_IMPLICIT_RETAIN_SELF = YES;
				CLANG_WARN_OBJC_LITERAL_CONVERSION = YES;
				CLANG_WARN_OBJC_ROOT_CLASS = YES_ERROR;
				CLANG_WARN_RANGE_LOOP_ANALYSIS = YES;
				CLANG_WARN_STRICT_PROTOTYPES = YES;
				CLANG_WARN_SUSPICIOUS_MOVE = YES;
				CLANG_WARN_UNGUARDED_AVAILABILITY = YES_AGGRESSIVE;
				CLANG_WARN_UNREACHABLE_CODE = YES;
				CLANG_WARN__DUPLICATE_METHOD_MATCH = YES;
				COPY_PHASE_STRIP = NO;
				DEBUG_INFORMATION_FORMAT = dwarf;
				ENABLE_STRICT_OBJC_MSGSEND = YES;
				ENABLE_TESTABILITY = YES;
				GCC_C_LANGUAGE_STANDARD = gnu11;
				GCC_DYNAMIC_NO_PIC = NO;
				GCC_NO_COMMON_BLOCKS = YES;
				GCC_OPTIMIZATION_LEVEL = 0;
				GCC_PREPROCESSOR_DEFINITIONS = (
					"DEBUG=1",
					"$(inherited)",
				);
				GCC_WARN_64_TO_32_BIT_CONVERSION = YES;
				GCC_WARN_ABOUT_RETURN_TYPE = YES_ERROR;
				GCC_WARN_UNDECLARED_SELECTOR = YES;
				GCC_WARN_UNINITIALIZED_AUTOS = YES_AGGRESSIVE;
				GCC_WARN_UNUSED_FUNCTION = YES;
				GCC_WARN_UNUSED_VARIABLE = YES;
				IPHONEOS_DEPLOYMENT_TARGET = 13.2;
				MTL_ENABLE_DEBUG_INFO = INCLUDE_SOURCE;
				MTL_FAST_MATH = YES;
				ONLY_ACTIVE_ARCH = YES;
				SDKROOT = iphoneos;
			};
			name = Debug;
		};
		AC970933242A9FE000A5D1C2 /* Release */ = {
			isa = XCBuildConfiguration;
			buildSettings = {
				ALWAYS_SEARCH_USER_PATHS = NO;
				CLANG_ANALYZER_NONNULL = YES;
				CLANG_ANALYZER_NUMBER_OBJECT_CONVERSION = YES_AGGRESSIVE;
				CLANG_CXX_LANGUAGE_STANDARD = "gnu++14";
				CLANG_CXX_LIBRARY = "libc++";
				CLANG_ENABLE_MODULES = YES;
				CLANG_ENABLE_OBJC_ARC = YES;
				CLANG_ENABLE_OBJC_WEAK = YES;
				CLANG_WARN_BLOCK_CAPTURE_AUTORELEASING = YES;
				CLANG_WARN_BOOL_CONVERSION = YES;
				CLANG_WARN_COMMA = YES;
				CLANG_WARN_CONSTANT_CONVERSION = YES;
				CLANG_WARN_DEPRECATED_OBJC_IMPLEMENTATIONS = YES;
				CLANG_WARN_DIRECT_OBJC_ISA_USAGE = YES_ERROR;
				CLANG_WARN_DOCUMENTATION_COMMENTS = YES;
				CLANG_WARN_EMPTY_BODY = YES;
				CLANG_WARN_ENUM_CONVERSION = YES;
				CLANG_WARN_INFINITE_RECURSION = YES;
				CLANG_WARN_INT_CONVERSION = YES;
				CLANG_WARN_NON_LITERAL_NULL_CONVERSION = YES;
				CLANG_WARN_OBJC_IMPLICIT_RETAIN_SELF = YES;
				CLANG_WARN_OBJC_LITERAL_CONVERSION = YES;
				CLANG_WARN_OBJC_ROOT_CLASS = YES_ERROR;
				CLANG_WARN_RANGE_LOOP_ANALYSIS = YES;
				CLANG_WARN_STRICT_PROTOTYPES = YES;
				CLANG_WARN_SUSPICIOUS_MOVE = YES;
				CLANG_WARN_UNGUARDED_AVAILABILITY = YES_AGGRESSIVE;
				CLANG_WARN_UNREACHABLE_CODE = YES;
				CLANG_WARN__DUPLICATE_METHOD_MATCH = YES;
				COPY_PHASE_STRIP = NO;
				DEBUG_INFORMATION_FORMAT = "dwarf-with-dsym";
				ENABLE_NS_ASSERTIONS = NO;
				ENABLE_STRICT_OBJC_MSGSEND = YES;
				GCC_C_LANGUAGE_STANDARD = gnu11;
				GCC_NO_COMMON_BLOCKS = YES;
				GCC_WARN_64_TO_32_BIT_CONVERSION = YES;
				GCC_WARN_ABOUT_RETURN_TYPE = YES_ERROR;
				GCC_WARN_UNDECLARED_SELECTOR = YES;
				GCC_WARN_UNINITIALIZED_AUTOS = YES_AGGRESSIVE;
				GCC_WARN_UNUSED_FUNCTION = YES;
				GCC_WARN_UNUSED_VARIABLE = YES;
				IPHONEOS_DEPLOYMENT_TARGET = 13.2;
				MTL_ENABLE_DEBUG_INFO = NO;
				MTL_FAST_MATH = YES;
				SDKROOT = iphoneos;
				VALIDATE_PRODUCT = YES;
			};
			name = Release;
		};
		AC970935242A9FE000A5D1C2 /* Debug */ = {
			isa = XCBuildConfiguration;
			buildSettings = {
				ASSETCATALOG_COMPILER_APPICON_NAME = AppIcon;
				CODE_SIGN_STYLE = Automatic;
				INFOPLIST_FILE = "DeckOfOneCard-C/Resources/Info.plist";
				LD_RUNPATH_SEARCH_PATHS = (
					"$(inherited)",
					"@executable_path/Frameworks",
				);
				PRODUCT_BUNDLE_IDENTIFIER = "com.poundsand.DeckOfOneCard-C";
				PRODUCT_NAME = "$(TARGET_NAME)";
				TARGETED_DEVICE_FAMILY = "1,2";
			};
			name = Debug;
		};
		AC970936242A9FE000A5D1C2 /* Release */ = {
			isa = XCBuildConfiguration;
			buildSettings = {
				ASSETCATALOG_COMPILER_APPICON_NAME = AppIcon;
				CODE_SIGN_STYLE = Automatic;
				INFOPLIST_FILE = "DeckOfOneCard-C/Resources/Info.plist";
				LD_RUNPATH_SEARCH_PATHS = (
					"$(inherited)",
					"@executable_path/Frameworks",
				);
				PRODUCT_BUNDLE_IDENTIFIER = "com.poundsand.DeckOfOneCard-C";
				PRODUCT_NAME = "$(TARGET_NAME)";
				TARGETED_DEVICE_FAMILY = "1,2";
			};
			name = Release;
		};
/* End XCBuildConfiguration section */

/* Begin XCConfigurationList section */
		AC970916242A9FDF00A5D1C2 /* Build configuration list for PBXProject "DeckOfOneCard-C" */ = {
			isa = XCConfigurationList;
			buildConfigurations = (
				AC970932242A9FE000A5D1C2 /* Debug */,
				AC970933242A9FE000A5D1C2 /* Release */,
			);
			defaultConfigurationIsVisible = 0;
			defaultConfigurationName = Release;
		};
		AC970934242A9FE000A5D1C2 /* Build configuration list for PBXNativeTarget "DeckOfOneCard-C" */ = {
			isa = XCConfigurationList;
			buildConfigurations = (
				AC970935242A9FE000A5D1C2 /* Debug */,
				AC970936242A9FE000A5D1C2 /* Release */,
			);
			defaultConfigurationIsVisible = 0;
			defaultConfigurationName = Release;
		};
/* End XCConfigurationList section */
	};
	rootObject = AC970913242A9FDF00A5D1C2 /* Project object */;
}
